
Microsoft Visual Studio Solution File, Format Version 12.00
# Visual Studio Version 16
VisualStudioVersion = 16.0.31729.503
MinimumVisualStudioVersion = 10.0.40219.1
Project("{9A19103F-16F7-4668-BE54-9A1E7A4F7556}") = "BookingTest", "BookingTest\BookingTest.csproj", "{762D66DE-C3D3-4309-8F09-C3DC146C9EB0}"
EndProject
Project("{9A19103F-16F7-4668-BE54-9A1E7A4F7556}") = "MetaweatherTests", "MetaweatherTests\MetaweatherTests.csproj", "{837EAD3E-CDDC-408E-AF90-B9AE328516CD}"
EndProject
Global
	GlobalSection(SolutionConfigurationPlatforms) = preSolution
		Debug|Any CPU = Debug|Any CPU
		Release|Any CPU = Release|Any CPU
	EndGlobalSection
	GlobalSection(ProjectConfigurationPlatforms) = postSolution
		{762D66DE-C3D3-4309-8F09-C3DC146C9EB0}.Debug|Any CPU.ActiveCfg = Debug|Any CPU
		{762D66DE-C3D3-4309-8F09-C3DC146C9EB0}.Debug|Any CPU.Build.0 = Debug|Any CPU
		{762D66DE-C3D3-4309-8F09-C3DC146C9EB0}.Release|Any CPU.ActiveCfg = Release|Any CPU
		{762D66DE-C3D3-4309-8F09-C3DC146C9EB0}.Release|Any CPU.Build.0 = Release|Any CPU
		{837EAD3E-CDDC-408E-AF90-B9AE328516CD}.Debug|Any CPU.ActiveCfg = Debug|Any CPU
		{837EAD3E-CDDC-408E-AF90-B9AE328516CD}.Debug|Any CPU.Build.0 = Debug|Any CPU
		{837EAD3E-CDDC-408E-AF90-B9AE328516CD}.Release|Any CPU.ActiveCfg = Release|Any CPU
		{837EAD3E-CDDC-408E-AF90-B9AE328516CD}.Release|Any CPU.Build.0 = Release|Any CPU
	EndGlobalSection
	GlobalSection(SolutionProperties) = preSolution
		HideSolutionNode = FALSE
	EndGlobalSection
	GlobalSection(ExtensibilityGlobals) = postSolution
		SolutionGuid = {FBFBA8AE-F8B6-4F98-956D-047B2D75C02B}
	EndGlobalSection
EndGlobal
